
Microsoft Visual Studio Solution File, Format Version 12.00
# Visual Studio Version 16
VisualStudioVersion = 16.0.32106.194
MinimumVisualStudioVersion = 10.0.40219.1
Project("{FAE04EC0-301F-11D3-BF4B-00C04F79EFBC}") = "ToDoApp.Android", "ToDoApp\ToDoApp.Android\ToDoApp.Android.csproj", "{04F540EB-7A5E-4099-8114-C2F398DE3A9E}"
EndProject
Project("{FAE04EC0-301F-11D3-BF4B-00C04F79EFBC}") = "ToDoApp.iOS", "ToDoApp\ToDoApp.iOS\ToDoApp.iOS.csproj", "{DD29F49E-52FD-4A69-8BAE-BB7CE57C7251}"
EndProject
Project("{9A19103F-16F7-4668-BE54-9A1E7A4F7556}") = "ToDoApp", "ToDoApp\ToDoApp\ToDoApp.csproj", "{7DECB5D7-550A-4126-9AEA-8A9ADD128727}"
EndProject
Project("{2150E333-8FDC-42A3-9474-1A3956D46DE8}") = "Solution Items", "Solution Items", "{678067D3-1843-4ED7-8961-E24E633CC89E}"
	ProjectSection(SolutionItems) = preProject
		.editorconfig = .editorconfig
	EndProjectSection
EndProject
Global
	GlobalSection(SolutionConfigurationPlatforms) = preSolution
		Debug|Any CPU = Debug|Any CPU
		Debug|iPhone = Debug|iPhone
		Debug|iPhoneSimulator = Debug|iPhoneSimulator
		Release|Any CPU = Release|Any CPU
		Release|iPhone = Release|iPhone
		Release|iPhoneSimulator = Release|iPhoneSimulator
	EndGlobalSection
	GlobalSection(ProjectConfigurationPlatforms) = postSolution
		{04F540EB-7A5E-4099-8114-C2F398DE3A9E}.Debug|Any CPU.ActiveCfg = Debug|Any CPU
		{04F540EB-7A5E-4099-8114-C2F398DE3A9E}.Debug|Any CPU.Build.0 = Debug|Any CPU
		{04F540EB-7A5E-4099-8114-C2F398DE3A9E}.Debug|Any CPU.Deploy.0 = Debug|Any CPU
		{04F540EB-7A5E-4099-8114-C2F398DE3A9E}.Debug|iPhone.ActiveCfg = Debug|Any CPU
		{04F540EB-7A5E-4099-8114-C2F398DE3A9E}.Debug|iPhone.Build.0 = Debug|Any CPU
		{04F540EB-7A5E-4099-8114-C2F398DE3A9E}.Debug|iPhone.Deploy.0 = Debug|Any CPU
		{04F540EB-7A5E-4099-8114-C2F398DE3A9E}.Debug|iPhoneSimulator.ActiveCfg = Debug|Any CPU
		{04F540EB-7A5E-4099-8114-C2F398DE3A9E}.Debug|iPhoneSimulator.Build.0 = Debug|Any CPU
		{04F540EB-7A5E-4099-8114-C2F398DE3A9E}.Debug|iPhoneSimulator.Deploy.0 = Debug|Any CPU
		{04F540EB-7A5E-4099-8114-C2F398DE3A9E}.Release|Any CPU.ActiveCfg = Release|Any CPU
		{04F540EB-7A5E-4099-8114-C2F398DE3A9E}.Release|Any CPU.Build.0 = Release|Any CPU
		{04F540EB-7A5E-4099-8114-C2F398DE3A9E}.Release|Any CPU.Deploy.0 = Release|Any CPU
		{04F540EB-7A5E-4099-8114-C2F398DE3A9E}.Release|iPhone.ActiveCfg = Release|Any CPU
		{04F540EB-7A5E-4099-8114-C2F398DE3A9E}.Release|iPhone.Build.0 = Release|Any CPU
		{04F540EB-7A5E-4099-8114-C2F398DE3A9E}.Release|iPhone.Deploy.0 = Release|Any CPU
		{04F540EB-7A5E-4099-8114-C2F398DE3A9E}.Release|iPhoneSimulator.ActiveCfg = Release|Any CPU
		{04F540EB-7A5E-4099-8114-C2F398DE3A9E}.Release|iPhoneSimulator.Build.0 = Release|Any CPU
		{04F540EB-7A5E-4099-8114-C2F398DE3A9E}.Release|iPhoneSimulator.Deploy.0 = Release|Any CPU
		{DD29F49E-52FD-4A69-8BAE-BB7CE57C7251}.Debug|Any CPU.ActiveCfg = Debug|iPhone
		{DD29F49E-52FD-4A69-8BAE-BB7CE57C7251}.Debug|Any CPU.Build.0 = Debug|iPhone
		{DD29F49E-52FD-4A69-8BAE-BB7CE57C7251}.Debug|Any CPU.Deploy.0 = Debug|iPhone
		{DD29F49E-52FD-4A69-8BAE-BB7CE57C7251}.Debug|iPhone.ActiveCfg = Debug|iPhone
		{DD29F49E-52FD-4A69-8BAE-BB7CE57C7251}.Debug|iPhone.Build.0 = Debug|iPhone
		{DD29F49E-52FD-4A69-8BAE-BB7CE57C7251}.Debug|iPhone.Deploy.0 = Debug|iPhone
		{DD29F49E-52FD-4A69-8BAE-BB7CE57C7251}.Debug|iPhoneSimulator.ActiveCfg = Debug|iPhoneSimulator
		{DD29F49E-52FD-4A69-8BAE-BB7CE57C7251}.Debug|iPhoneSimulator.Build.0 = Debug|iPhoneSimulator
		{DD29F49E-52FD-4A69-8BAE-BB7CE57C7251}.Debug|iPhoneSimulator.Deploy.0 = Debug|iPhoneSimulator
		{DD29F49E-52FD-4A69-8BAE-BB7CE57C7251}.Release|Any CPU.ActiveCfg = Release|iPhoneSimulator
		{DD29F49E-52FD-4A69-8BAE-BB7CE57C7251}.Release|Any CPU.Build.0 = Release|iPhoneSimulator
		{DD29F49E-52FD-4A69-8BAE-BB7CE57C7251}.Release|Any CPU.Deploy.0 = Release|iPhoneSimulator
		{DD29F49E-52FD-4A69-8BAE-BB7CE57C7251}.Release|iPhone.ActiveCfg = Release|iPhone
		{DD29F49E-52FD-4A69-8BAE-BB7CE57C7251}.Release|iPhone.Build.0 = Release|iPhone
		{DD29F49E-52FD-4A69-8BAE-BB7CE57C7251}.Release|iPhone.Deploy.0 = Release|iPhone
		{DD29F49E-52FD-4A69-8BAE-BB7CE57C7251}.Release|iPhoneSimulator.ActiveCfg = Release|iPhoneSimulator
		{DD29F49E-52FD-4A69-8BAE-BB7CE57C7251}.Release|iPhoneSimulator.Build.0 = Release|iPhoneSimulator
		{DD29F49E-52FD-4A69-8BAE-BB7CE57C7251}.Release|iPhoneSimulator.Deploy.0 = Release|iPhoneSimulator
		{7DECB5D7-550A-4126-9AEA-8A9ADD128727}.Debug|Any CPU.ActiveCfg = Debug|Any CPU
		{7DECB5D7-550A-4126-9AEA-8A9ADD128727}.Debug|Any CPU.Build.0 = Debug|Any CPU
		{7DECB5D7-550A-4126-9AEA-8A9ADD128727}.Debug|Any CPU.Deploy.0 = Debug|Any CPU
		{7DECB5D7-550A-4126-9AEA-8A9ADD128727}.Debug|iPhone.ActiveCfg = Debug|Any CPU
		{7DECB5D7-550A-4126-9AEA-8A9ADD128727}.Debug|iPhone.Build.0 = Debug|Any CPU
		{7DECB5D7-550A-4126-9AEA-8A9ADD128727}.Debug|iPhone.Deploy.0 = Debug|Any CPU
		{7DECB5D7-550A-4126-9AEA-8A9ADD128727}.Debug|iPhoneSimulator.ActiveCfg = Debug|Any CPU
		{7DECB5D7-550A-4126-9AEA-8A9ADD128727}.Debug|iPhoneSimulator.Build.0 = Debug|Any CPU
		{7DECB5D7-550A-4126-9AEA-8A9ADD128727}.Debug|iPhoneSimulator.Deploy.0 = Debug|Any CPU
		{7DECB5D7-550A-4126-9AEA-8A9ADD128727}.Release|Any CPU.ActiveCfg = Release|Any CPU
		{7DECB5D7-550A-4126-9AEA-8A9ADD128727}.Release|Any CPU.Build.0 = Release|Any CPU
		{7DECB5D7-550A-4126-9AEA-8A9ADD128727}.Release|Any CPU.Deploy.0 = Release|Any CPU
		{7DECB5D7-550A-4126-9AEA-8A9ADD128727}.Release|iPhone.ActiveCfg = Release|Any CPU
		{7DECB5D7-550A-4126-9AEA-8A9ADD128727}.Release|iPhone.Build.0 = Release|Any CPU
		{7DECB5D7-550A-4126-9AEA-8A9ADD128727}.Release|iPhone.Deploy.0 = Release|Any CPU
		{7DECB5D7-550A-4126-9AEA-8A9ADD128727}.Release|iPhoneSimulator.ActiveCfg = Release|Any CPU
		{7DECB5D7-550A-4126-9AEA-8A9ADD128727}.Release|iPhoneSimulator.Build.0 = Release|Any CPU
		{7DECB5D7-550A-4126-9AEA-8A9ADD128727}.Release|iPhoneSimulator.Deploy.0 = Release|Any CPU
	EndGlobalSection
	GlobalSection(SolutionProperties) = preSolution
		HideSolutionNode = FALSE
	EndGlobalSection
	GlobalSection(ExtensibilityGlobals) = postSolution
		SolutionGuid = {03C538BC-CBE2-40FB-AA84-96D5FE77DBD6}
		RESX_NeutralResourcesLanguage = ru-RU
		RESX_AutoCreateNewLanguageFiles = True
		RESX_ConfirmAddLanguageFile = True
	EndGlobalSection
EndGlobal
